
Microsoft Visual Studio Solution File, Format Version 12.00
# Visual Studio Version 17
VisualStudioVersion = 17.8.34330.188
MinimumVisualStudioVersion = 10.0.40219.1
Project("{FAE04EC0-301F-11D3-BF4B-00C04F79EFBC}") = "Salon_Infrumusetare2", "Salon_Infrumusetare2.csproj", "{04FA41F0-2795-413C-8F6F-57A9ECC940B7}"
EndProject
Global
	GlobalSection(SolutionConfigurationPlatforms) = preSolution
		Debug|Any CPU = Debug|Any CPU
		Release|Any CPU = Release|Any CPU
	EndGlobalSection
	GlobalSection(ProjectConfigurationPlatforms) = postSolution
		{04FA41F0-2795-413C-8F6F-57A9ECC940B7}.Debug|Any CPU.ActiveCfg = Debug|Any CPU
		{04FA41F0-2795-413C-8F6F-57A9ECC940B7}.Debug|Any CPU.Build.0 = Debug|Any CPU
		{04FA41F0-2795-413C-8F6F-57A9ECC940B7}.Debug|Any CPU.Deploy.0 = Debug|Any CPU
		{04FA41F0-2795-413C-8F6F-57A9ECC940B7}.Release|Any CPU.ActiveCfg = Release|Any CPU
		{04FA41F0-2795-413C-8F6F-57A9ECC940B7}.Release|Any CPU.Build.0 = Release|Any CPU
		{04FA41F0-2795-413C-8F6F-57A9ECC940B7}.Release|Any CPU.Deploy.0 = Release|Any CPU
	EndGlobalSection
	GlobalSection(SolutionProperties) = preSolution
		HideSolutionNode = FALSE
	EndGlobalSection
	GlobalSection(ExtensibilityGlobals) = postSolution
		SolutionGuid = {4AE5F21C-A430-42DC-A81E-00D887239662}
	EndGlobalSection
EndGlobal
